
Microsoft Visual Studio Solution File, Format Version 12.00
# Visual Studio Version 17
VisualStudioVersion = 17.5.33530.505
MinimumVisualStudioVersion = 10.0.40219.1
Project("{9A19103F-16F7-4668-BE54-9A1E7A4F7556}") = "Core", "Core\Core.csproj", "{E11F1351-3E38-465F-8A50-032FBB2EFE31}"
EndProject
Project("{9A19103F-16F7-4668-BE54-9A1E7A4F7556}") = "CoreForWindows", "CoreForWindows\CoreForWindows.csproj", "{F2D4411A-EFD1-4C36-AD37-9CA7439B45B5}"
EndProject
Project("{9A19103F-16F7-4668-BE54-9A1E7A4F7556}") = "Interface", "Interface\Interface.csproj", "{0C4E2296-AE18-4830-8761-F6D918B08400}"
EndProject
Project("{2150E333-8FDC-42A3-9474-1A3956D46DE8}") = "img", "img", "{7B54CBFB-6014-42C5-84F3-1B5A7BC887A2}"
	ProjectSection(SolutionItems) = preProject
		Interface\icon.ico = Interface\icon.ico
	EndProjectSection
EndProject
Global
	GlobalSection(SolutionConfigurationPlatforms) = preSolution
		Debug|Any CPU = Debug|Any CPU
		Release|Any CPU = Release|Any CPU
	EndGlobalSection
	GlobalSection(ProjectConfigurationPlatforms) = postSolution
		{E11F1351-3E38-465F-8A50-032FBB2EFE31}.Debug|Any CPU.ActiveCfg = Debug|Any CPU
		{E11F1351-3E38-465F-8A50-032FBB2EFE31}.Debug|Any CPU.Build.0 = Debug|Any CPU
		{E11F1351-3E38-465F-8A50-032FBB2EFE31}.Release|Any CPU.ActiveCfg = Release|Any CPU
		{E11F1351-3E38-465F-8A50-032FBB2EFE31}.Release|Any CPU.Build.0 = Release|Any CPU
		{F2D4411A-EFD1-4C36-AD37-9CA7439B45B5}.Debug|Any CPU.ActiveCfg = Debug|Any CPU
		{F2D4411A-EFD1-4C36-AD37-9CA7439B45B5}.Debug|Any CPU.Build.0 = Debug|Any CPU
		{F2D4411A-EFD1-4C36-AD37-9CA7439B45B5}.Release|Any CPU.ActiveCfg = Release|Any CPU
		{F2D4411A-EFD1-4C36-AD37-9CA7439B45B5}.Release|Any CPU.Build.0 = Release|Any CPU
		{0C4E2296-AE18-4830-8761-F6D918B08400}.Debug|Any CPU.ActiveCfg = Debug|Any CPU
		{0C4E2296-AE18-4830-8761-F6D918B08400}.Debug|Any CPU.Build.0 = Debug|Any CPU
		{0C4E2296-AE18-4830-8761-F6D918B08400}.Release|Any CPU.ActiveCfg = Release|Any CPU
		{0C4E2296-AE18-4830-8761-F6D918B08400}.Release|Any CPU.Build.0 = Release|Any CPU
	EndGlobalSection
	GlobalSection(SolutionProperties) = preSolution
		HideSolutionNode = FALSE
	EndGlobalSection
	GlobalSection(ExtensibilityGlobals) = postSolution
		SolutionGuid = {77C8A589-DBE7-4923-8E82-AEA4AD114E44}
	EndGlobalSection
EndGlobal
